{
  "name": "dependabot-security-vulnerabilities",
  "version": "1.0.0",
  "lockfileVersion": 2,
  "requires": true,
  "packages": {
    "": {
      "name": "dependabot-security-vulnerabilities",
      "version": "1.0.0",
      "license": "ISC",
      "dependencies": {
        "glob-parent": "^4.0.0",
        "semver": "^5.7.0",
        "word-wrap": "^1.1.0"
      }
    },
    "node_modules/glob-parent": {
      "version": "4.0.0",
      "resolved": "https://registry.npmjs.org/glob-parent/-/glob-parent-4.0.0.tgz",
      "integrity": "sha512-0xDQj8byAab39JmsVBzMsgieBkY2n1OgUs6DZ/FFaP0Y36XwdDrFMlgK6yAWuafTkXktvyc6/S3D7jGo8R6EsQ==",
      "dependencies": {
        "is-glob": "^4.0.1",
        "path-dirname": "^1.0.2"
      },
      "engines": {
        "node": ">= 0.10"
      }
    },
    "node_modules/is-extglob": {
      "version": "2.1.1",
      "resolved": "https://registry.npmjs.org/is-extglob/-/is-extglob-2.1.1.tgz",
      "integrity": "sha512-SbKbANkN603Vi4jEZv49LeVJMn4yGwsbzZworEoyEiutsN3nJYdbO36zfhGJ6QEDpOZIFkDtnq5JRxmvl3jsoQ==",
      "engines": {
        "node": ">=0.10.0"
      }
    },
    "node_modules/is-glob": {
      "version": "4.0.3",
      "resolved": "https://registry.npmjs.org/is-glob/-/is-glob-4.0.3.tgz",
      "integrity": "sha512-xelSayHH36ZgE7ZWhli7pW34hNbNl8Ojv5KVmkJD4hBdD3th8Tfk9vYasLM+mXWOZhFkgZfxhLSnrwRr4elSSg==",
      "dependencies": {
        "is-extglob": "^2.1.1"
      },
      "engines": {
        "node": ">=0.10.0"
      }
    },
    "node_modules/path-dirname": {
      "version": "1.0.2",
      "resolved": "https://registry.npmjs.org/path-dirname/-/path-dirname-1.0.2.tgz",
      "integrity": "sha512-ALzNPpyNq9AqXMBjeymIjFDAkAFH06mHJH/cSBHAgU0s4vfpBn6b2nf8tiRLvagKD8RbTpq2FKTBg7cl9l3c7Q=="
    },
    "node_modules/semver": {
      "version": "5.7.0",
      "resolved": "https://registry.npmjs.org/semver/-/semver-5.7.0.tgz",
      "integrity": "sha512-Ya52jSX2u7QKghxeoFGpLwCtGlt7j0oY9DYb5apt9nPlJ42ID+ulTXESnt/qAQcoSERyZ5sl3LDIOw0nAn/5DA==",
      "bin": {
        "semver": "bin/semver"
      }
    },
    "node_modules/word-wrap": {
      "version": "1.1.0",
      "resolved": "https://registry.npmjs.org/word-wrap/-/word-wrap-1.1.0.tgz",
      "integrity": "sha512-6E0pg9o7nVagpx7xVMlK/gZriE9TLIyDGqPiooYdLCOiYFazQe09vIHRWXHYMupVHBgViR88vgx5OVGeo/HW7Q==",
      "engines": {
        "node": ">=0.8"
      }
    }
  },
  "dependencies": {
    "glob-parent": {
      "version": "4.0.0",
      "resolved": "https://registry.npmjs.org/glob-parent/-/glob-parent-4.0.0.tgz",
      "integrity": "sha512-0xDQj8byAab39JmsVBzMsgieBkY2n1OgUs6DZ/FFaP0Y36XwdDrFMlgK6yAWuafTkXktvyc6/S3D7jGo8R6EsQ==",
      "requires": {
        "is-glob": "^4.0.1",
        "path-dirname": "^1.0.2"
      }
    },
    "is-extglob": {
      "version": "2.1.1",
      "resolved": "https://registry.npmjs.org/is-extglob/-/is-extglob-2.1.1.tgz",
      "integrity": "sha512-SbKbANkN603Vi4jEZv49LeVJMn4yGwsbzZworEoyEiutsN3nJYdbO36zfhGJ6QEDpOZIFkDtnq5JRxmvl3jsoQ=="
    },
    "is-glob": {
      "version": "4.0.3",
      "resolved": "https://registry.npmjs.org/is-glob/-/is-glob-4.0.3.tgz",
      "integrity": "sha512-xelSayHH36ZgE7ZWhli7pW34hNbNl8Ojv5KVmkJD4hBdD3th8Tfk9vYasLM+mXWOZhFkgZfxhLSnrwRr4elSSg==",
      "requires": {
        "is-extglob": "^2.1.1"
      }
    },
    "path-dirname": {
      "version": "1.0.2",
      "resolved": "https://registry.npmjs.org/path-dirname/-/path-dirname-1.0.2.tgz",
      "integrity": "sha512-ALzNPpyNq9AqXMBjeymIjFDAkAFH06mHJH/cSBHAgU0s4vfpBn6b2nf8tiRLvagKD8RbTpq2FKTBg7cl9l3c7Q=="
    },
    "semver": {
      "version": "5.7.0",
      "resolved": "https://registry.npmjs.org/semver/-/semver-5.7.0.tgz",
      "integrity": "sha512-Ya52jSX2u7QKghxeoFGpLwCtGlt7j0oY9DYb5apt9nPlJ42ID+ulTXESnt/qAQcoSERyZ5sl3LDIOw0nAn/5DA=="
    },
    "word-wrap": {
      "version": "1.1.0",
      "resolved": "https://registry.npmjs.org/word-wrap/-/word-wrap-1.1.0.tgz",
      "integrity": "sha512-6E0pg9o7nVagpx7xVMlK/gZriE9TLIyDGqPiooYdLCOiYFazQe09vIHRWXHYMupVHBgViR88vgx5OVGeo/HW7Q=="
    }
  }
}
